{
  "name": "themes",
  "lockfileVersion": 3,
  "requires": true,
  "packages": {
    "": {
      "dependencies": {
        "@vivliostyle/theme-slide": "^2.0.1"
      }
    },
    "node_modules/@vivliostyle/theme-base": {
      "version": "2.1.0",
      "resolved": "https://registry.npmjs.org/@vivliostyle/theme-base/-/theme-base-2.1.0.tgz",
      "integrity": "sha512-ahsuiSMjqnI0qrGocbUfOkrQ+u/aU0w0+Lg78IjftSvU/S3vZy2KAlidLyiECxNxmEDoUi+UWbHgerjg74qoyg==",
      "license": "CC0-1.0",
      "peerDependencies": {
        "@vivliostyle/cli": ">=7"
      },
      "peerDependenciesMeta": {
        "@vivliostyle/cli": {
          "optional": true
        }
      }
    },
    "node_modules/@vivliostyle/theme-slide": {
      "version": "2.0.1",
      "resolved": "https://registry.npmjs.org/@vivliostyle/theme-slide/-/theme-slide-2.0.1.tgz",
      "integrity": "sha512-AzWpI1nzJTzoQSPmJMsQijjIGIklq8qWkfspQiaeiEMtRdEwjRAyLVUeqJri9ecyrfBa2MoD6Op151udTOudzw==",
      "license": "CC0-1.0",
      "dependencies": {
        "@vivliostyle/theme-base": "2.1.0"
      },
      "peerDependencies": {
        "@vivliostyle/cli": ">=7"
      },
      "peerDependenciesMeta": {
        "@vivliostyle/cli": {
          "optional": true
        }
      }
    }
  }
}
